
Microsoft Visual Studio Solution File, Format Version 12.00
# Visual Studio Version 17
VisualStudioVersion = 17.3.32901.215
MinimumVisualStudioVersion = 10.0.40219.1
Project("{FAE04EC0-301F-11D3-BF4B-00C04F79EFBC}") = "Lesson 7 - Keyboard and Mouse Events - Hunter", "Lesson 7 - Keyboard and Mouse Events - Hunter.csproj", "{AC3D17D9-58AF-43D3-BD1A-9AEE55737225}"
EndProject
Global
	GlobalSection(SolutionConfigurationPlatforms) = preSolution
		Debug|Any CPU = Debug|Any CPU
		Release|Any CPU = Release|Any CPU
	EndGlobalSection
	GlobalSection(ProjectConfigurationPlatforms) = postSolution
		{AC3D17D9-58AF-43D3-BD1A-9AEE55737225}.Debug|Any CPU.ActiveCfg = Debug|Any CPU
		{AC3D17D9-58AF-43D3-BD1A-9AEE55737225}.Debug|Any CPU.Build.0 = Debug|Any CPU
		{AC3D17D9-58AF-43D3-BD1A-9AEE55737225}.Release|Any CPU.ActiveCfg = Release|Any CPU
		{AC3D17D9-58AF-43D3-BD1A-9AEE55737225}.Release|Any CPU.Build.0 = Release|Any CPU
	EndGlobalSection
	GlobalSection(SolutionProperties) = preSolution
		HideSolutionNode = FALSE
	EndGlobalSection
	GlobalSection(ExtensibilityGlobals) = postSolution
		SolutionGuid = {4B7BACD9-5592-4634-ABF9-DF0475B0DF14}
	EndGlobalSection
EndGlobal
